{
  "dependencies": {
    "dockerode": {
      "version": "1.2.9",
      "dependencies": {
        "docker-modem": {
          "version": "0.1.12",
          "dependencies": {
            "querystring": {
              "version": "0.2.0"
            },
            "follow-redirects": {
              "version": "0.0.3",
              "dependencies": {
                "underscore": {
                  "version": "1.6.0"
                }
              }
            },
            "debug": {
              "version": "0.7.4"
            }
          }
        }
      }
    }
  }
}
